<?xml version="1.0" encoding="utf-8"?>
<Project ToolsVersion="16.0" xmlns="http://schemas.microsoft.com/developer/msbuild/2003">
  <ItemGroup>
    <ClCompile Include="$(ProjectDir)..\c\common\transform.c">
      <Filter>Source Files</Filter>
    </ClCompile>
    <ClCompile Include="..\c\common\constants.c">
      <Filter>Source Files</Filter>
    </ClCompile>
    <ClCompile Include="..\c\common\context.c">
      <Filter>Source Files</Filter>
    </ClCompile>
    <ClCompile Include="..\c\common\platform.c">
      <Filter>Source Files</Filter>
    </ClCompile>
    <ClCompile Include="$(ProjectDir)..\c\common\dictionary.c">
      <Filter>Source Files</Filter>
    </ClCompile>
  </ItemGroup>
  <ItemGroup>
    <Filter Include="Source Files">
      <UniqueIdentifier>{773239B5-63A5-32CA-8E1F-B5551A1EC692}</UniqueIdentifier>
    </Filter>
    <Filter Include="Header Files">
      <UniqueIdentifier>{9537b130-971d-49bd-9ed2-e19eb55d8795}</UniqueIdentifier>
    </Filter>
  </ItemGroup>
  <ItemGroup>
    <ClInclude Include="..\c\common\constants.h">
      <Filter>Header Files</Filter>
    </ClInclude>
    <ClInclude Include="..\c\common\context.h">
      <Filter>Header Files</Filter>
    </ClInclude>
    <ClInclude Include="..\c\common\dictionary.h">
      <Filter>Header Files</Filter>
    </ClInclude>
    <ClInclude Include="..\c\common\platform.h">
      <Filter>Header Files</Filter>
    </ClInclude>
    <ClInclude Include="..\c\common\transform.h">
      <Filter>Header Files</Filter>
    </ClInclude>
    <ClInclude Include="..\c\common\version.h">
      <Filter>Header Files</Filter>
    </ClInclude>
  </ItemGroup>
</Project>